{
  "name": "caring-ui",
  "version": "0.0.7",
  "lockfileVersion": 2,
  "requires": true,
  "packages": {
    "": {
      "name": "caring-ui",
      "version": "0.0.7",
      "license": "ISC",
      "dependencies": {
        "caring-css": "^0.3.0",
        "caring-request": "^1.0.3",
        "caring-route": "^1.0.2",
        "caring-test": "^0.1.1",
        "caring-time": "^0.3.0",
        "caring-uni": "^1.0.1",
        "caring-utils": "^1.0.7"
      }
    },
    "node_modules/caring-css": {
      "version": "0.3.0",
      "resolved": "https://registry.npmjs.org/caring-css/-/caring-css-0.3.0.tgz",
      "integrity": "sha512-+Zua+3sGPyRufBnrE1E105reLgwp/xxwkbEdmFQkan8PBS6JJN+369Ao8LKdlmYhCWUiKVZ84YM7nR4J2WABKA=="
    },
    "node_modules/caring-request": {
      "version": "1.0.3",
      "resolved": "https://registry.npmjs.org/caring-request/-/caring-request-1.0.3.tgz",
      "integrity": "sha512-HQwZRcCZKiSSNEqIU8Vze04sEWvQxS3bCgERatdiK5HMia+YgNJD9hV9/goT/Txachm6KpBgUEGR20oVua9ZkA=="
    },
    "node_modules/caring-route": {
      "version": "1.0.2",
      "resolved": "https://registry.npmjs.org/caring-route/-/caring-route-1.0.2.tgz",
      "integrity": "sha512-XlN8wAjJPj0B7Q6syYckX5QkG4wjJp4LtAGJk+z4cbE76TKqqP3SIxK4BFWF7nRNJ4kJ+XEVa8FKVbU1NhismA==",
      "dependencies": {
        "caring-test": "^0.1.1",
        "caring-utils": "^0.0.1"
      }
    },
    "node_modules/caring-route/node_modules/caring-utils": {
      "version": "0.0.1",
      "resolved": "https://registry.npmjs.org/caring-utils/-/caring-utils-0.0.1.tgz",
      "integrity": "sha512-2BxAlNv8M3qnND9JYlHVW1y4sgfvRP+gf9zqjDez6CinnnOqKWgbX24+Wa4WBv7KXGQPaN8od1x5MYP3ei/D8Q=="
    },
    "node_modules/caring-test": {
      "version": "0.1.1",
      "resolved": "https://registry.npmjs.org/caring-test/-/caring-test-0.1.1.tgz",
      "integrity": "sha512-9wiOnzvNzuECUbrpWPRurZMFlrk8mDV6JhGv+s4T5PvwwAMZmMJNxfmSPbqR99UdpeWSo2UEdr+j3Kdx6E5bUQ=="
    },
    "node_modules/caring-time": {
      "version": "0.3.0",
      "resolved": "https://registry.npmjs.org/caring-time/-/caring-time-0.3.0.tgz",
      "integrity": "sha512-Z3us8gBoe9CQNrd90Qnv4TDrinKrvvZpy55sqwuaEDr5QrY4ZoOYHcpaVEfH/m6+zvf897zohaCgxW8KNokA6g=="
    },
    "node_modules/caring-uni": {
      "version": "1.0.1",
      "resolved": "https://registry.npmjs.org/caring-uni/-/caring-uni-1.0.1.tgz",
      "integrity": "sha512-cRfqNvRwu3jvAboOLyqc8ORV6yxuuHHEjp4wsT/kVX/ZDPuHEx/EpAfpJ2GzeK6X8AgSbxRCO1Xz7wWwe98GoA=="
    },
    "node_modules/caring-utils": {
      "version": "1.0.7",
      "resolved": "https://registry.npmjs.org/caring-utils/-/caring-utils-1.0.7.tgz",
      "integrity": "sha512-A7lNccg3BMO18GcM0K0s4dozHfIajAjL9elHIqX5PggG3HQHKFVmK/JzqYZ51o8Ghi3EQGwBB7DskRHSPRZqQg==",
      "dependencies": {
        "caring-test": "^0.1.1"
      }
    }
  },
  "dependencies": {
    "caring-css": {
      "version": "0.3.0",
      "resolved": "https://registry.npmjs.org/caring-css/-/caring-css-0.3.0.tgz",
      "integrity": "sha512-+Zua+3sGPyRufBnrE1E105reLgwp/xxwkbEdmFQkan8PBS6JJN+369Ao8LKdlmYhCWUiKVZ84YM7nR4J2WABKA=="
    },
    "caring-request": {
      "version": "1.0.3",
      "resolved": "https://registry.npmjs.org/caring-request/-/caring-request-1.0.3.tgz",
      "integrity": "sha512-HQwZRcCZKiSSNEqIU8Vze04sEWvQxS3bCgERatdiK5HMia+YgNJD9hV9/goT/Txachm6KpBgUEGR20oVua9ZkA=="
    },
    "caring-route": {
      "version": "1.0.2",
      "resolved": "https://registry.npmjs.org/caring-route/-/caring-route-1.0.2.tgz",
      "integrity": "sha512-XlN8wAjJPj0B7Q6syYckX5QkG4wjJp4LtAGJk+z4cbE76TKqqP3SIxK4BFWF7nRNJ4kJ+XEVa8FKVbU1NhismA==",
      "requires": {
        "caring-test": "^0.1.1",
        "caring-utils": "^0.0.1"
      },
      "dependencies": {
        "caring-utils": {
          "version": "0.0.1",
          "resolved": "https://registry.npmjs.org/caring-utils/-/caring-utils-0.0.1.tgz",
          "integrity": "sha512-2BxAlNv8M3qnND9JYlHVW1y4sgfvRP+gf9zqjDez6CinnnOqKWgbX24+Wa4WBv7KXGQPaN8od1x5MYP3ei/D8Q=="
        }
      }
    },
    "caring-test": {
      "version": "0.1.1",
      "resolved": "https://registry.npmjs.org/caring-test/-/caring-test-0.1.1.tgz",
      "integrity": "sha512-9wiOnzvNzuECUbrpWPRurZMFlrk8mDV6JhGv+s4T5PvwwAMZmMJNxfmSPbqR99UdpeWSo2UEdr+j3Kdx6E5bUQ=="
    },
    "caring-time": {
      "version": "0.3.0",
      "resolved": "https://registry.npmjs.org/caring-time/-/caring-time-0.3.0.tgz",
      "integrity": "sha512-Z3us8gBoe9CQNrd90Qnv4TDrinKrvvZpy55sqwuaEDr5QrY4ZoOYHcpaVEfH/m6+zvf897zohaCgxW8KNokA6g=="
    },
    "caring-uni": {
      "version": "1.0.1",
      "resolved": "https://registry.npmjs.org/caring-uni/-/caring-uni-1.0.1.tgz",
      "integrity": "sha512-cRfqNvRwu3jvAboOLyqc8ORV6yxuuHHEjp4wsT/kVX/ZDPuHEx/EpAfpJ2GzeK6X8AgSbxRCO1Xz7wWwe98GoA=="
    },
    "caring-utils": {
      "version": "1.0.7",
      "resolved": "https://registry.npmjs.org/caring-utils/-/caring-utils-1.0.7.tgz",
      "integrity": "sha512-A7lNccg3BMO18GcM0K0s4dozHfIajAjL9elHIqX5PggG3HQHKFVmK/JzqYZ51o8Ghi3EQGwBB7DskRHSPRZqQg==",
      "requires": {
        "caring-test": "^0.1.1"
      }
    }
  }
}
