{
  "name": "caring-ui",
  "version": "0.0.2",
  "lockfileVersion": 2,
  "requires": true,
  "packages": {
    "": {
      "name": "caring-ui",
      "version": "0.0.2",
      "license": "ISC",
      "dependencies": {
        "caring-css": "^0.1.4"
      }
    },
    "node_modules/caring-css": {
      "version": "0.1.4",
      "resolved": "https://registry.npmjs.org/caring-css/-/caring-css-0.1.4.tgz",
      "integrity": "sha512-ZXML9GrF/I1kD3lQdt/zTyqZ1s4VT056ILzFR9lPrQ/T8ZXEcRjpi2/6qGgmgvvHfvGkIjexCpNMImwggH091g=="
    }
  },
  "dependencies": {
    "caring-css": {
      "version": "0.1.4",
      "resolved": "https://registry.npmjs.org/caring-css/-/caring-css-0.1.4.tgz",
      "integrity": "sha512-ZXML9GrF/I1kD3lQdt/zTyqZ1s4VT056ILzFR9lPrQ/T8ZXEcRjpi2/6qGgmgvvHfvGkIjexCpNMImwggH091g=="
    }
  }
}
